
Microsoft Visual Studio Solution File, Format Version 12.00
# Visual Studio Version 17
VisualStudioVersion = 17.9.34728.123
MinimumVisualStudioVersion = 10.0.40219.1
Project("{FAE04EC0-301F-11D3-BF4B-00C04F79EFBC}") = "KoshelekClients", "KoshelekClients\KoshelekClients.csproj", "{59FDC7FF-B9F2-4B20-8223-B3E93C59C5CE}"
EndProject
Global
	GlobalSection(SolutionConfigurationPlatforms) = preSolution
		Debug|Any CPU = Debug|Any CPU
		Release|Any CPU = Release|Any CPU
	EndGlobalSection
	GlobalSection(ProjectConfigurationPlatforms) = postSolution
		{59FDC7FF-B9F2-4B20-8223-B3E93C59C5CE}.Debug|Any CPU.ActiveCfg = Debug|Any CPU
		{59FDC7FF-B9F2-4B20-8223-B3E93C59C5CE}.Debug|Any CPU.Build.0 = Debug|Any CPU
		{59FDC7FF-B9F2-4B20-8223-B3E93C59C5CE}.Release|Any CPU.ActiveCfg = Release|Any CPU
		{59FDC7FF-B9F2-4B20-8223-B3E93C59C5CE}.Release|Any CPU.Build.0 = Release|Any CPU
	EndGlobalSection
	GlobalSection(SolutionProperties) = preSolution
		HideSolutionNode = FALSE
	EndGlobalSection
	GlobalSection(ExtensibilityGlobals) = postSolution
		SolutionGuid = {CBB71639-9C1A-4F8C-A0A6-6A9352297D7D}
	EndGlobalSection
EndGlobal
