
Microsoft Visual Studio Solution File, Format Version 12.00
# Visual Studio Version 17
VisualStudioVersion = 17.9.34728.123
MinimumVisualStudioVersion = 10.0.40219.1
Project("{9A19103F-16F7-4668-BE54-9A1E7A4F7556}") = "MessageWriterClient", "MessageWriterClient.csproj", "{A0464FFC-CC06-4590-9BBB-860E9F470219}"
EndProject
Global
	GlobalSection(SolutionConfigurationPlatforms) = preSolution
		Debug|Any CPU = Debug|Any CPU
		Release|Any CPU = Release|Any CPU
	EndGlobalSection
	GlobalSection(ProjectConfigurationPlatforms) = postSolution
		{A0464FFC-CC06-4590-9BBB-860E9F470219}.Debug|Any CPU.ActiveCfg = Debug|Any CPU
		{A0464FFC-CC06-4590-9BBB-860E9F470219}.Debug|Any CPU.Build.0 = Debug|Any CPU
		{A0464FFC-CC06-4590-9BBB-860E9F470219}.Release|Any CPU.ActiveCfg = Release|Any CPU
		{A0464FFC-CC06-4590-9BBB-860E9F470219}.Release|Any CPU.Build.0 = Release|Any CPU
	EndGlobalSection
	GlobalSection(SolutionProperties) = preSolution
		HideSolutionNode = FALSE
	EndGlobalSection
	GlobalSection(ExtensibilityGlobals) = postSolution
		SolutionGuid = {F92A8B54-172C-4030-A9B5-B21F7A6ABB3A}
	EndGlobalSection
EndGlobal
