
Microsoft Visual Studio Solution File, Format Version 12.00
# Visual Studio Version 17
VisualStudioVersion = 17.9.34728.123
MinimumVisualStudioVersion = 10.0.40219.1
Project("{9A19103F-16F7-4668-BE54-9A1E7A4F7556}") = "MessageSenderClient", "MessageSenderClient.csproj", "{8918BCC6-3128-4602-A9BB-961F8B3D37C7}"
EndProject
Global
	GlobalSection(SolutionConfigurationPlatforms) = preSolution
		Debug|Any CPU = Debug|Any CPU
		Release|Any CPU = Release|Any CPU
	EndGlobalSection
	GlobalSection(ProjectConfigurationPlatforms) = postSolution
		{8918BCC6-3128-4602-A9BB-961F8B3D37C7}.Debug|Any CPU.ActiveCfg = Debug|Any CPU
		{8918BCC6-3128-4602-A9BB-961F8B3D37C7}.Debug|Any CPU.Build.0 = Debug|Any CPU
		{8918BCC6-3128-4602-A9BB-961F8B3D37C7}.Release|Any CPU.ActiveCfg = Release|Any CPU
		{8918BCC6-3128-4602-A9BB-961F8B3D37C7}.Release|Any CPU.Build.0 = Release|Any CPU
	EndGlobalSection
	GlobalSection(SolutionProperties) = preSolution
		HideSolutionNode = FALSE
	EndGlobalSection
	GlobalSection(ExtensibilityGlobals) = postSolution
		SolutionGuid = {8EDAAEC4-C862-4CE9-9A26-FB687E9947E1}
	EndGlobalSection
EndGlobal
